Microsoft Visual Studio Solution File, Format Version 12.00
# Visual Studio Express 2012 for Windows Desktop
Project("{8BC9CEB8-8B4A-11D0-8D11-00A0C91BC942}") = "ALL_BUILD", "ALL_BUILD.vcxproj", "{B6AEF8E6-EE68-438F-9802-F185BB708A97}"
	ProjectSection(ProjectDependencies) = postProject
		{C62B17F2-3C7C-48DC-9E51-755A524D24BE} = {C62B17F2-3C7C-48DC-9E51-755A524D24BE}
		{E65595B0-4745-48EB-8F2B-5D92AAD019F2} = {E65595B0-4745-48EB-8F2B-5D92AAD019F2}
		{BAC70F67-552B-4BB1-ABAD-C08385127889} = {BAC70F67-552B-4BB1-ABAD-C08385127889}
		{C35D7614-9D14-4094-98C1-111DCEAE869B} = {C35D7614-9D14-4094-98C1-111DCEAE869B}
		{83C1C6B4-390F-4BDA-B138-BC76CD92BC80} = {83C1C6B4-390F-4BDA-B138-BC76CD92BC80}
	EndProjectSection
EndProject
Project("{8BC9CEB8-8B4A-11D0-8D11-00A0C91BC942}") = "Glew", "Dependencies\glew\Glew.vcxproj", "{C62B17F2-3C7C-48DC-9E51-755A524D24BE}"
	ProjectSection(ProjectDependencies) = postProject
		{83C1C6B4-390F-4BDA-B138-BC76CD92BC80} = {83C1C6B4-390F-4BDA-B138-BC76CD92BC80}
	EndProjectSection
EndProject
Project("{8BC9CEB8-8B4A-11D0-8D11-00A0C91BC942}") = "Glfw", "Dependencies\glfw\src\Glfw.vcxproj", "{E65595B0-4745-48EB-8F2B-5D92AAD019F2}"
	ProjectSection(ProjectDependencies) = postProject
		{83C1C6B4-390F-4BDA-B138-BC76CD92BC80} = {83C1C6B4-390F-4BDA-B138-BC76CD92BC80}
	EndProjectSection
EndProject
Project("{8BC9CEB8-8B4A-11D0-8D11-00A0C91BC942}") = "INSTALL", "INSTALL.vcxproj", "{78AD7B66-A216-43D5-A0A9-A44F5468AFDE}"
	ProjectSection(ProjectDependencies) = postProject
		{B6AEF8E6-EE68-438F-9802-F185BB708A97} = {B6AEF8E6-EE68-438F-9802-F185BB708A97}
	EndProjectSection
EndProject
Project("{8BC9CEB8-8B4A-11D0-8D11-00A0C91BC942}") = "Silk", "Silk\Silk.vcxproj", "{BAC70F67-552B-4BB1-ABAD-C08385127889}"
	ProjectSection(ProjectDependencies) = postProject
		{C62B17F2-3C7C-48DC-9E51-755A524D24BE} = {C62B17F2-3C7C-48DC-9E51-755A524D24BE}
		{83C1C6B4-390F-4BDA-B138-BC76CD92BC80} = {83C1C6B4-390F-4BDA-B138-BC76CD92BC80}
	EndProjectSection
EndProject
Project("{8BC9CEB8-8B4A-11D0-8D11-00A0C91BC942}") = "TestClient", "TestClient\TestClient.vcxproj", "{C35D7614-9D14-4094-98C1-111DCEAE869B}"
	ProjectSection(ProjectDependencies) = postProject
		{C62B17F2-3C7C-48DC-9E51-755A524D24BE} = {C62B17F2-3C7C-48DC-9E51-755A524D24BE}
		{E65595B0-4745-48EB-8F2B-5D92AAD019F2} = {E65595B0-4745-48EB-8F2B-5D92AAD019F2}
		{BAC70F67-552B-4BB1-ABAD-C08385127889} = {BAC70F67-552B-4BB1-ABAD-C08385127889}
		{83C1C6B4-390F-4BDA-B138-BC76CD92BC80} = {83C1C6B4-390F-4BDA-B138-BC76CD92BC80}
	EndProjectSection
EndProject
Project("{8BC9CEB8-8B4A-11D0-8D11-00A0C91BC942}") = "ZERO_CHECK", "ZERO_CHECK.vcxproj", "{83C1C6B4-390F-4BDA-B138-BC76CD92BC80}"
	ProjectSection(ProjectDependencies) = postProject
	EndProjectSection
EndProject
Project("{8BC9CEB8-8B4A-11D0-8D11-00A0C91BC942}") = "uninstall", "Dependencies\glfw\uninstall.vcxproj", "{258E68F9-BC01-486A-B047-6400B7345355}"
	ProjectSection(ProjectDependencies) = postProject
		{83C1C6B4-390F-4BDA-B138-BC76CD92BC80} = {83C1C6B4-390F-4BDA-B138-BC76CD92BC80}
	EndProjectSection
EndProject
Global
	GlobalSection(SolutionConfigurationPlatforms) = preSolution
		Debug|Win32 = Debug|Win32
		Release|Win32 = Release|Win32
	EndGlobalSection
	GlobalSection(ProjectConfigurationPlatforms) = postSolution
		{B6AEF8E6-EE68-438F-9802-F185BB708A97}.Debug|Win32.ActiveCfg = Debug|Win32
		{B6AEF8E6-EE68-438F-9802-F185BB708A97}.Debug|Win32.Build.0 = Debug|Win32
		{B6AEF8E6-EE68-438F-9802-F185BB708A97}.Release|Win32.ActiveCfg = Release|Win32
		{B6AEF8E6-EE68-438F-9802-F185BB708A97}.Release|Win32.Build.0 = Release|Win32
		{C62B17F2-3C7C-48DC-9E51-755A524D24BE}.Debug|Win32.ActiveCfg = Debug|Win32
		{C62B17F2-3C7C-48DC-9E51-755A524D24BE}.Debug|Win32.Build.0 = Debug|Win32
		{C62B17F2-3C7C-48DC-9E51-755A524D24BE}.Release|Win32.ActiveCfg = Release|Win32
		{C62B17F2-3C7C-48DC-9E51-755A524D24BE}.Release|Win32.Build.0 = Release|Win32
		{E65595B0-4745-48EB-8F2B-5D92AAD019F2}.Debug|Win32.ActiveCfg = Debug|Win32
		{E65595B0-4745-48EB-8F2B-5D92AAD019F2}.Debug|Win32.Build.0 = Debug|Win32
		{E65595B0-4745-48EB-8F2B-5D92AAD019F2}.Release|Win32.ActiveCfg = Release|Win32
		{E65595B0-4745-48EB-8F2B-5D92AAD019F2}.Release|Win32.Build.0 = Release|Win32
		{78AD7B66-A216-43D5-A0A9-A44F5468AFDE}.Debug|Win32.ActiveCfg = Debug|Win32
		{78AD7B66-A216-43D5-A0A9-A44F5468AFDE}.Release|Win32.ActiveCfg = Release|Win32
		{BAC70F67-552B-4BB1-ABAD-C08385127889}.Debug|Win32.ActiveCfg = Debug|Win32
		{BAC70F67-552B-4BB1-ABAD-C08385127889}.Debug|Win32.Build.0 = Debug|Win32
		{BAC70F67-552B-4BB1-ABAD-C08385127889}.Release|Win32.ActiveCfg = Release|Win32
		{BAC70F67-552B-4BB1-ABAD-C08385127889}.Release|Win32.Build.0 = Release|Win32
		{C35D7614-9D14-4094-98C1-111DCEAE869B}.Debug|Win32.ActiveCfg = Debug|Win32
		{C35D7614-9D14-4094-98C1-111DCEAE869B}.Debug|Win32.Build.0 = Debug|Win32
		{C35D7614-9D14-4094-98C1-111DCEAE869B}.Release|Win32.ActiveCfg = Release|Win32
		{C35D7614-9D14-4094-98C1-111DCEAE869B}.Release|Win32.Build.0 = Release|Win32
		{83C1C6B4-390F-4BDA-B138-BC76CD92BC80}.Debug|Win32.ActiveCfg = Debug|Win32
		{83C1C6B4-390F-4BDA-B138-BC76CD92BC80}.Debug|Win32.Build.0 = Debug|Win32
		{83C1C6B4-390F-4BDA-B138-BC76CD92BC80}.Release|Win32.ActiveCfg = Release|Win32
		{83C1C6B4-390F-4BDA-B138-BC76CD92BC80}.Release|Win32.Build.0 = Release|Win32
		{258E68F9-BC01-486A-B047-6400B7345355}.Debug|Win32.ActiveCfg = Debug|Win32
		{258E68F9-BC01-486A-B047-6400B7345355}.Release|Win32.ActiveCfg = Release|Win32
	EndGlobalSection
	GlobalSection(ExtensibilityGlobals) = postSolution
	EndGlobalSection
	GlobalSection(ExtensibilityAddIns) = postSolution
	EndGlobalSection
EndGlobal
